// !$*UTF8*$!
{
	archiveVersion = 1;
	classes = {
	};
	objectVersion = 55;
	objects = {

/* Begin PBXBuildFile section */
		EE85645228A0C0E000AA5414 /* SpeachNotionApp.swift in Sources */ = {isa = PBXBuildFile; fileRef = EE85645128A0C0E000AA5414 /* SpeachNotionApp.swift */; };
		EE85645428A0C0E000AA5414 /* ContentView.swift in Sources */ = {isa = PBXBuildFile; fileRef = EE85645328A0C0E000AA5414 /* ContentView.swift */; };
		EE85645628A0C0E200AA5414 /* Assets.xcassets in Resources */ = {isa = PBXBuildFile; fileRef = EE85645528A0C0E200AA5414 /* Assets.xcassets */; };
		EE85645928A0C0E200AA5414 /* Preview Assets.xcassets in Resources */ = {isa = PBXBuildFile; fileRef = EE85645828A0C0E200AA5414 /* Preview Assets.xcassets */; };
		EE85645B28A0C0E200AA5414 /* Persistence.swift in Sources */ = {isa = PBXBuildFile; fileRef = EE85645A28A0C0E200AA5414 /* Persistence.swift */; };
		EE85645E28A0C0E200AA5414 /* SpeachNotion.xcdatamodeld in Sources */ = {isa = PBXBuildFile; fileRef = EE85645C28A0C0E200AA5414 /* SpeachNotion.xcdatamodeld */; };
		EE85646528A0C82000AA5414 /* SpeechManager.swift in Sources */ = {isa = PBXBuildFile; fileRef = EE85646428A0C82000AA5414 /* SpeechManager.swift */; };
		EE85646728A0C91D00AA5414 /* MicrophoneManager.swift in Sources */ = {isa = PBXBuildFile; fileRef = EE85646628A0C91D00AA5414 /* MicrophoneManager.swift */; };
		EE85646928A0CB8700AA5414 /* SoundLevelView.swift in Sources */ = {isa = PBXBuildFile; fileRef = EE85646828A0CB8700AA5414 /* SoundLevelView.swift */; };
/* End PBXBuildFile section */

/* Begin PBXFileReference section */
		EE85644E28A0C0E000AA5414 /* SpeachNotion.app */ = {isa = PBXFileReference; explicitFileType = wrapper.application; includeInIndex = 0; path = SpeachNotion.app; sourceTree = BUILT_PRODUCTS_DIR; };
		EE85645128A0C0E000AA5414 /* SpeachNotionApp.swift */ = {isa = PBXFileReference; lastKnownFileType = sourcecode.swift; path = SpeachNotionApp.swift; sourceTree = "<group>"; };
		EE85645328A0C0E000AA5414 /* ContentView.swift */ = {isa = PBXFileReference; lastKnownFileType = sourcecode.swift; path = ContentView.swift; sourceTree = "<group>"; };
		EE85645528A0C0E200AA5414 /* Assets.xcassets */ = {isa = PBXFileReference; lastKnownFileType = folder.assetcatalog; path = Assets.xcassets; sourceTree = "<group>"; };
		EE85645828A0C0E200AA5414 /* Preview Assets.xcassets */ = {isa = PBXFileReference; lastKnownFileType = folder.assetcatalog; path = "Preview Assets.xcassets"; sourceTree = "<group>"; };
		EE85645A28A0C0E200AA5414 /* Persistence.swift */ = {isa = PBXFileReference; lastKnownFileType = sourcecode.swift; path = Persistence.swift; sourceTree = "<group>"; };
		EE85645D28A0C0E200AA5414 /* SpeachNotion.xcdatamodel */ = {isa = PBXFileReference; lastKnownFileType = wrapper.xcdatamodel; path = SpeachNotion.xcdatamodel; sourceTree = "<group>"; };
		EE85646428A0C82000AA5414 /* SpeechManager.swift */ = {isa = PBXFileReference; lastKnownFileType = sourcecode.swift; path = SpeechManager.swift; sourceTree = "<group>"; };
		EE85646628A0C91D00AA5414 /* MicrophoneManager.swift */ = {isa = PBXFileReference; lastKnownFileType = sourcecode.swift; path = MicrophoneManager.swift; sourceTree = "<group>"; };
		EE85646828A0CB8700AA5414 /* SoundLevelView.swift */ = {isa = PBXFileReference; lastKnownFileType = sourcecode.swift; path = SoundLevelView.swift; sourceTree = "<group>"; };
/* End PBXFileReference section */

/* Begin PBXFrameworksBuildPhase section */
		EE85644B28A0C0E000AA5414 /* Frameworks */ = {
			isa = PBXFrameworksBuildPhase;
			buildActionMask = 2147483647;
			files = (
			);
			runOnlyForDeploymentPostprocessing = 0;
		};
/* End PBXFrameworksBuildPhase section */

/* Begin PBXGroup section */
		EE85644528A0C0E000AA5414 = {
			isa = PBXGroup;
			children = (
				EE85645028A0C0E000AA5414 /* SpeachNotion */,
				EE85644F28A0C0E000AA5414 /* Products */,
			);
			sourceTree = "<group>";
		};
		EE85644F28A0C0E000AA5414 /* Products */ = {
			isa = PBXGroup;
			children = (
				EE85644E28A0C0E000AA5414 /* SpeachNotion.app */,
			);
			name = Products;
			sourceTree = "<group>";
		};
		EE85645028A0C0E000AA5414 /* SpeachNotion */ = {
			isa = PBXGroup;
			children = (
				EE85645128A0C0E000AA5414 /* SpeachNotionApp.swift */,
				EE85645328A0C0E000AA5414 /* ContentView.swift */,
				EE85646828A0CB8700AA5414 /* SoundLevelView.swift */,
				EE85645528A0C0E200AA5414 /* Assets.xcassets */,
				EE85645A28A0C0E200AA5414 /* Persistence.swift */,
				EE85645C28A0C0E200AA5414 /* SpeachNotion.xcdatamodeld */,
				EE85645728A0C0E200AA5414 /* Preview Content */,
				EE85646428A0C82000AA5414 /* SpeechManager.swift */,
				EE85646628A0C91D00AA5414 /* MicrophoneManager.swift */,
			);
			path = SpeachNotion;
			sourceTree = "<group>";
		};
		EE85645728A0C0E200AA5414 /* Preview Content */ = {
			isa = PBXGroup;
			children = (
				EE85645828A0C0E200AA5414 /* Preview Assets.xcassets */,
			);
			path = "Preview Content";
			sourceTree = "<group>";
		};
/* End PBXGroup section */

/* Begin PBXNativeTarget section */
		EE85644D28A0C0E000AA5414 /* SpeachNotion */ = {
			isa = PBXNativeTarget;
			buildConfigurationList = EE85646128A0C0E200AA5414 /* Build configuration list for PBXNativeTarget "SpeachNotion" */;
			buildPhases = (
				EE85644A28A0C0E000AA5414 /* Sources */,
				EE85644B28A0C0E000AA5414 /* Frameworks */,
				EE85644C28A0C0E000AA5414 /* Resources */,
			);
			buildRules = (
			);
			dependencies = (
			);
			name = SpeachNotion;
			productName = SpeachNotion;
			productReference = EE85644E28A0C0E000AA5414 /* SpeachNotion.app */;
			productType = "com.apple.product-type.application";
		};
/* End PBXNativeTarget section */

/* Begin PBXProject section */
		EE85644628A0C0E000AA5414 /* Project object */ = {
			isa = PBXProject;
			attributes = {
				BuildIndependentTargetsInParallel = 1;
				LastSwiftUpdateCheck = 1340;
				LastUpgradeCheck = 1340;
				TargetAttributes = {
					EE85644D28A0C0E000AA5414 = {
						CreatedOnToolsVersion = 13.4.1;
					};
				};
			};
			buildConfigurationList = EE85644928A0C0E000AA5414 /* Build configuration list for PBXProject "SpeachNotion" */;
			compatibilityVersion = "Xcode 13.0";
			developmentRegion = en;
			hasScannedForEncodings = 0;
			knownRegions = (
				en,
				Base,
			);
			mainGroup = EE85644528A0C0E000AA5414;
			productRefGroup = EE85644F28A0C0E000AA5414 /* Products */;
			projectDirPath = "";
			projectRoot = "";
			targets = (
				EE85644D28A0C0E000AA5414 /* SpeachNotion */,
			);
		};
/* End PBXProject section */

/* Begin PBXResourcesBuildPhase section */
		EE85644C28A0C0E000AA5414 /* Resources */ = {
			isa = PBXResourcesBuildPhase;
			buildActionMask = 2147483647;
			files = (
				EE85645928A0C0E200AA5414 /* Preview Assets.xcassets in Resources */,
				EE85645628A0C0E200AA5414 /* Assets.xcassets in Resources */,
			);
			runOnlyForDeploymentPostprocessing = 0;
		};
/* End PBXResourcesBuildPhase section */

/* Begin PBXSourcesBuildPhase section */
		EE85644A28A0C0E000AA5414 /* Sources */ = {
			isa = PBXSourcesBuildPhase;
			buildActionMask = 2147483647;
			files = (
				EE85645E28A0C0E200AA5414 /* SpeachNotion.xcdatamodeld in Sources */,
				EE85646928A0CB8700AA5414 /* SoundLevelView.swift in Sources */,
				EE85646528A0C82000AA5414 /* SpeechManager.swift in Sources */,
				EE85645B28A0C0E200AA5414 /* Persistence.swift in Sources */,
				EE85645428A0C0E000AA5414 /* ContentView.swift in Sources */,
				EE85645228A0C0E000AA5414 /* SpeachNotionApp.swift in Sources */,
				EE85646728A0C91D00AA5414 /* MicrophoneManager.swift in Sources */,
			);
			runOnlyForDeploymentPostprocessing = 0;
		};
/* End PBXSourcesBuildPhase section */

/* Begin XCBuildConfiguration section */
		EE85645F28A0C0E200AA5414 /* Debug */ = {
			isa = XCBuildConfiguration;
			buildSettings = {
				ALWAYS_SEARCH_USER_PATHS = NO;
				CLANG_ANALYZER_NONNULL = YES;
				CLANG_ANALYZER_NUMBER_OBJECT_CONVERSION = YES_AGGRESSIVE;
				CLANG_CXX_LANGUAGE_STANDARD = "gnu++17";
				CLANG_ENABLE_MODULES = YES;
				CLANG_ENABLE_OBJC_ARC = YES;
				CLANG_ENABLE_OBJC_WEAK = YES;
				CLANG_WARN_BLOCK_CAPTURE_AUTORELEASING = YES;
				CLANG_WARN_BOOL_CONVERSION = YES;
				CLANG_WARN_COMMA = YES;
				CLANG_WARN_CONSTANT_CONVERSION = YES;
				CLANG_WARN_DEPRECATED_OBJC_IMPLEMENTATIONS = YES;
				CLANG_WARN_DIRECT_OBJC_ISA_USAGE = YES_ERROR;
				CLANG_WARN_DOCUMENTATION_COMMENTS = YES;
				CLANG_WARN_EMPTY_BODY = YES;
				CLANG_WARN_ENUM_CONVERSION = YES;
				CLANG_WARN_INFINITE_RECURSION = YES;
				CLANG_WARN_INT_CONVERSION = YES;
				CLANG_WARN_NON_LITERAL_NULL_CONVERSION = YES;
				CLANG_WARN_OBJC_IMPLICIT_RETAIN_SELF = YES;
				CLANG_WARN_OBJC_LITERAL_CONVERSION = YES;
				CLANG_WARN_OBJC_ROOT_CLASS = YES_ERROR;
				CLANG_WARN_QUOTED_INCLUDE_IN_FRAMEWORK_HEADER = YES;
				CLANG_WARN_RANGE_LOOP_ANALYSIS = YES;
				CLANG_WARN_STRICT_PROTOTYPES = YES;
				CLANG_WARN_SUSPICIOUS_MOVE = YES;
				CLANG_WARN_UNGUARDED_AVAILABILITY = YES_AGGRESSIVE;
				CLANG_WARN_UNREACHABLE_CODE = YES;
				CLANG_WARN__DUPLICATE_METHOD_MATCH = YES;
				COPY_PHASE_STRIP = NO;
				DEBUG_INFORMATION_FORMAT = dwarf;
				ENABLE_STRICT_OBJC_MSGSEND = YES;
				ENABLE_TESTABILITY = YES;
				GCC_C_LANGUAGE_STANDARD = gnu11;
				GCC_DYNAMIC_NO_PIC = NO;
				GCC_NO_COMMON_BLOCKS = YES;
				GCC_OPTIMIZATION_LEVEL = 0;
				GCC_PREPROCESSOR_DEFINITIONS = (
					"DEBUG=1",
					"$(inherited)",
				);
				GCC_WARN_64_TO_32_BIT_CONVERSION = YES;
				GCC_WARN_ABOUT_RETURN_TYPE = YES_ERROR;
				GCC_WARN_UNDECLARED_SELECTOR = YES;
				GCC_WARN_UNINITIALIZED_AUTOS = YES_AGGRESSIVE;
				GCC_WARN_UNUSED_FUNCTION = YES;
				GCC_WARN_UNUSED_VARIABLE = YES;
				IPHONEOS_DEPLOYMENT_TARGET = 15.5;
				MTL_ENABLE_DEBUG_INFO = INCLUDE_SOURCE;
				MTL_FAST_MATH = YES;
				ONLY_ACTIVE_ARCH = YES;
				SDKROOT = iphoneos;
				SWIFT_ACTIVE_COMPILATION_CONDITIONS = DEBUG;
				SWIFT_OPTIMIZATION_LEVEL = "-Onone";
			};
			name = Debug;
		};
		EE85646028A0C0E200AA5414 /* Release */ = {
			isa = XCBuildConfiguration;
			buildSettings = {
				ALWAYS_SEARCH_USER_PATHS = NO;
				CLANG_ANALYZER_NONNULL = YES;
				CLANG_ANALYZER_NUMBER_OBJECT_CONVERSION = YES_AGGRESSIVE;
				CLANG_CXX_LANGUAGE_STANDARD = "gnu++17";
				CLANG_ENABLE_MODULES = YES;
				CLANG_ENABLE_OBJC_ARC = YES;
				CLANG_ENABLE_OBJC_WEAK = YES;
				CLANG_WARN_BLOCK_CAPTURE_AUTORELEASING = YES;
				CLANG_WARN_BOOL_CONVERSION = YES;
				CLANG_WARN_COMMA = YES;
				CLANG_WARN_CONSTANT_CONVERSION = YES;
				CLANG_WARN_DEPRECATED_OBJC_IMPLEMENTATIONS = YES;
				CLANG_WARN_DIRECT_OBJC_ISA_USAGE = YES_ERROR;
				CLANG_WARN_DOCUMENTATION_COMMENTS = YES;
				CLANG_WARN_EMPTY_BODY = YES;
				CLANG_WARN_ENUM_CONVERSION = YES;
				CLANG_WARN_INFINITE_RECURSION = YES;
				CLANG_WARN_INT_CONVERSION = YES;
				CLANG_WARN_NON_LITERAL_NULL_CONVERSION = YES;
				CLANG_WARN_OBJC_IMPLICIT_RETAIN_SELF = YES;
				CLANG_WARN_OBJC_LITERAL_CONVERSION = YES;
				CLANG_WARN_OBJC_ROOT_CLASS = YES_ERROR;
				CLANG_WARN_QUOTED_INCLUDE_IN_FRAMEWORK_HEADER = YES;
				CLANG_WARN_RANGE_LOOP_ANALYSIS = YES;
				CLANG_WARN_STRICT_PROTOTYPES = YES;
				CLANG_WARN_SUSPICIOUS_MOVE = YES;
				CLANG_WARN_UNGUARDED_AVAILABILITY = YES_AGGRESSIVE;
				CLANG_WARN_UNREACHABLE_CODE = YES;
				CLANG_WARN__DUPLICATE_METHOD_MATCH = YES;
				COPY_PHASE_STRIP = NO;
				DEBUG_INFORMATION_FORMAT = "dwarf-with-dsym";
				ENABLE_NS_ASSERTIONS = NO;
				ENABLE_STRICT_OBJC_MSGSEND = YES;
				GCC_C_LANGUAGE_STANDARD = gnu11;
				GCC_NO_COMMON_BLOCKS = YES;
				GCC_WARN_64_TO_32_BIT_CONVERSION = YES;
				GCC_WARN_ABOUT_RETURN_TYPE = YES_ERROR;
				GCC_WARN_UNDECLARED_SELECTOR = YES;
				GCC_WARN_UNINITIALIZED_AUTOS = YES_AGGRESSIVE;
				GCC_WARN_UNUSED_FUNCTION = YES;
				GCC_WARN_UNUSED_VARIABLE = YES;
				IPHONEOS_DEPLOYMENT_TARGET = 15.5;
				MTL_ENABLE_DEBUG_INFO = NO;
				MTL_FAST_MATH = YES;
				SDKROOT = iphoneos;
				SWIFT_COMPILATION_MODE = wholemodule;
				SWIFT_OPTIMIZATION_LEVEL = "-O";
				VALIDATE_PRODUCT = YES;
			};
			name = Release;
		};
		EE85646228A0C0E200AA5414 /* Debug */ = {
			isa = XCBuildConfiguration;
			buildSettings = {
				ASSETCATALOG_COMPILER_APPICON_NAME = AppIcon;
				ASSETCATALOG_COMPILER_GLOBAL_ACCENT_COLOR_NAME = AccentColor;
				CODE_SIGN_STYLE = Automatic;
				CURRENT_PROJECT_VERSION = 1;
				DEVELOPMENT_ASSET_PATHS = "\"SpeachNotion/Preview Content\"";
				DEVELOPMENT_TEAM = XPVWLY26YX;
				ENABLE_PREVIEWS = YES;
				GENERATE_INFOPLIST_FILE = YES;
				INFOPLIST_KEY_NSMicrophoneUsageDescription = "Need access to Microphone to create Speech to Text notes";
				INFOPLIST_KEY_NSSpeechRecognitionUsageDescription = "Need access to Microphone to create Speech to Text notes";
				INFOPLIST_KEY_UIApplicationSceneManifest_Generation = YES;
				INFOPLIST_KEY_UIApplicationSupportsIndirectInputEvents = YES;
				INFOPLIST_KEY_UILaunchScreen_Generation = YES;
				INFOPLIST_KEY_UISupportedInterfaceOrientations_iPad = "UIInterfaceOrientationPortrait UIInterfaceOrientationPortraitUpsideDown UIInterfaceOrientationLandscapeLeft UIInterfaceOrientationLandscapeRight";
				INFOPLIST_KEY_UISupportedInterfaceOrientations_iPhone = "UIInterfaceOrientationPortrait UIInterfaceOrientationLandscapeLeft UIInterfaceOrientationLandscapeRight";
				LD_RUNPATH_SEARCH_PATHS = (
					"$(inherited)",
					"@executable_path/Frameworks",
				);
				MARKETING_VERSION = 1.0;
				PRODUCT_BUNDLE_IDENTIFIER = xyz.bbworld.SpeachNotion;
				PRODUCT_NAME = "$(TARGET_NAME)";
				SWIFT_EMIT_LOC_STRINGS = YES;
				SWIFT_VERSION = 5.0;
				TARGETED_DEVICE_FAMILY = "1,2";
			};
			name = Debug;
		};
		EE85646328A0C0E200AA5414 /* Release */ = {
			isa = XCBuildConfiguration;
			buildSettings = {
				ASSETCATALOG_COMPILER_APPICON_NAME = AppIcon;
				ASSETCATALOG_COMPILER_GLOBAL_ACCENT_COLOR_NAME = AccentColor;
				CODE_SIGN_STYLE = Automatic;
				CURRENT_PROJECT_VERSION = 1;
				DEVELOPMENT_ASSET_PATHS = "\"SpeachNotion/Preview Content\"";
				DEVELOPMENT_TEAM = XPVWLY26YX;
				ENABLE_PREVIEWS = YES;
				GENERATE_INFOPLIST_FILE = YES;
				INFOPLIST_KEY_NSMicrophoneUsageDescription = "Need access to Microphone to create Speech to Text notes";
				INFOPLIST_KEY_NSSpeechRecognitionUsageDescription = "Need access to Microphone to create Speech to Text notes";
				INFOPLIST_KEY_UIApplicationSceneManifest_Generation = YES;
				INFOPLIST_KEY_UIApplicationSupportsIndirectInputEvents = YES;
				INFOPLIST_KEY_UILaunchScreen_Generation = YES;
				INFOPLIST_KEY_UISupportedInterfaceOrientations_iPad = "UIInterfaceOrientationPortrait UIInterfaceOrientationPortraitUpsideDown UIInterfaceOrientationLandscapeLeft UIInterfaceOrientationLandscapeRight";
				INFOPLIST_KEY_UISupportedInterfaceOrientations_iPhone = "UIInterfaceOrientationPortrait UIInterfaceOrientationLandscapeLeft UIInterfaceOrientationLandscapeRight";
				LD_RUNPATH_SEARCH_PATHS = (
					"$(inherited)",
					"@executable_path/Frameworks",
				);
				MARKETING_VERSION = 1.0;
				PRODUCT_BUNDLE_IDENTIFIER = xyz.bbworld.SpeachNotion;
				PRODUCT_NAME = "$(TARGET_NAME)";
				SWIFT_EMIT_LOC_STRINGS = YES;
				SWIFT_VERSION = 5.0;
				TARGETED_DEVICE_FAMILY = "1,2";
			};
			name = Release;
		};
/* End XCBuildConfiguration section */

/* Begin XCConfigurationList section */
		EE85644928A0C0E000AA5414 /* Build configuration list for PBXProject "SpeachNotion" */ = {
			isa = XCConfigurationList;
			buildConfigurations = (
				EE85645F28A0C0E200AA5414 /* Debug */,
				EE85646028A0C0E200AA5414 /* Release */,
			);
			defaultConfigurationIsVisible = 0;
			defaultConfigurationName = Release;
		};
		EE85646128A0C0E200AA5414 /* Build configuration list for PBXNativeTarget "SpeachNotion" */ = {
			isa = XCConfigurationList;
			buildConfigurations = (
				EE85646228A0C0E200AA5414 /* Debug */,
				EE85646328A0C0E200AA5414 /* Release */,
			);
			defaultConfigurationIsVisible = 0;
			defaultConfigurationName = Release;
		};
/* End XCConfigurationList section */

/* Begin XCVersionGroup section */
		EE85645C28A0C0E200AA5414 /* SpeachNotion.xcdatamodeld */ = {
			isa = XCVersionGroup;
			children = (
				EE85645D28A0C0E200AA5414 /* SpeachNotion.xcdatamodel */,
			);
			currentVersion = EE85645D28A0C0E200AA5414 /* SpeachNotion.xcdatamodel */;
			path = SpeachNotion.xcdatamodeld;
			sourceTree = "<group>";
			versionGroupType = wrapper.xcdatamodel;
		};
/* End XCVersionGroup section */
	};
	rootObject = EE85644628A0C0E000AA5414 /* Project object */;
}
